
Microsoft Visual Studio Solution File, Format Version 12.00
# Visual Studio Version 17
VisualStudioVersion = 17.14.36414.22 d17.14
MinimumVisualStudioVersion = 10.0.40219.1
Project("{FAE04EC0-301F-11D3-BF4B-00C04F79EFBC}") = "Polly.Customer", "Polly.Customer\Polly.Customer.csproj", "{B407F44D-95F7-4DF3-84B3-774B96E31DCD}"
EndProject
Global
	GlobalSection(SolutionConfigurationPlatforms) = preSolution
		Debug|Any CPU = Debug|Any CPU
		Release|Any CPU = Release|Any CPU
	EndGlobalSection
	GlobalSection(ProjectConfigurationPlatforms) = postSolution
		{B407F44D-95F7-4DF3-84B3-774B96E31DCD}.Debug|Any CPU.ActiveCfg = Debug|Any CPU
		{B407F44D-95F7-4DF3-84B3-774B96E31DCD}.Debug|Any CPU.Build.0 = Debug|Any CPU
		{B407F44D-95F7-4DF3-84B3-774B96E31DCD}.Release|Any CPU.ActiveCfg = Release|Any CPU
		{B407F44D-95F7-4DF3-84B3-774B96E31DCD}.Release|Any CPU.Build.0 = Release|Any CPU
	EndGlobalSection
	GlobalSection(SolutionProperties) = preSolution
		HideSolutionNode = FALSE
	EndGlobalSection
	GlobalSection(ExtensibilityGlobals) = postSolution
		SolutionGuid = {DB279555-F42F-43E0-948C-E30F4D130B7B}
	EndGlobalSection
EndGlobal
